
Microsoft Visual Studio Solution File, Format Version 12.00
# Visual Studio 15
VisualStudioVersion = 15.0.27703.2035
MinimumVisualStudioVersion = 10.0.40219.1
Project("{8BC9CEB8-8B4A-11D0-8D11-00A0C91BC942}") = "5338_eolymp", "5338_eolymp\5338_eolymp.vcxproj", "{FC82ABDD-F4B0-459B-93F5-B7CD76D9A4FF}"
EndProject
Global
	GlobalSection(SolutionConfigurationPlatforms) = preSolution
		Debug|x64 = Debug|x64
		Debug|x86 = Debug|x86
		Release|x64 = Release|x64
		Release|x86 = Release|x86
	EndGlobalSection
	GlobalSection(ProjectConfigurationPlatforms) = postSolution
		{FC82ABDD-F4B0-459B-93F5-B7CD76D9A4FF}.Debug|x64.ActiveCfg = Debug|x64
		{FC82ABDD-F4B0-459B-93F5-B7CD76D9A4FF}.Debug|x64.Build.0 = Debug|x64
		{FC82ABDD-F4B0-459B-93F5-B7CD76D9A4FF}.Debug|x86.ActiveCfg = Debug|Win32
		{FC82ABDD-F4B0-459B-93F5-B7CD76D9A4FF}.Debug|x86.Build.0 = Debug|Win32
		{FC82ABDD-F4B0-459B-93F5-B7CD76D9A4FF}.Release|x64.ActiveCfg = Release|x64
		{FC82ABDD-F4B0-459B-93F5-B7CD76D9A4FF}.Release|x64.Build.0 = Release|x64
		{FC82ABDD-F4B0-459B-93F5-B7CD76D9A4FF}.Release|x86.ActiveCfg = Release|Win32
		{FC82ABDD-F4B0-459B-93F5-B7CD76D9A4FF}.Release|x86.Build.0 = Release|Win32
	EndGlobalSection
	GlobalSection(SolutionProperties) = preSolution
		HideSolutionNode = FALSE
	EndGlobalSection
	GlobalSection(ExtensibilityGlobals) = postSolution
		SolutionGuid = {5CB6282B-6E13-41F4-A48B-89FDEC8F7981}
	EndGlobalSection
EndGlobal
